
Microsoft Visual Studio Solution File, Format Version 12.00
Project("{FAE04EC0-301F-11D3-BF4B-00C04F79EFBC}") = "CrudScharConsoloAplication", "CrudScharConsoloAplication\CrudScharConsoloAplication.csproj", "{861048D2-BCC2-46A4-8DAC-CD65C21F99DE}"
EndProject
Global
	GlobalSection(SolutionConfigurationPlatforms) = preSolution
		Debug|Any CPU = Debug|Any CPU
		Release|Any CPU = Release|Any CPU
	EndGlobalSection
	GlobalSection(ProjectConfigurationPlatforms) = postSolution
		{861048D2-BCC2-46A4-8DAC-CD65C21F99DE}.Debug|Any CPU.ActiveCfg = Debug|Any CPU
		{861048D2-BCC2-46A4-8DAC-CD65C21F99DE}.Debug|Any CPU.Build.0 = Debug|Any CPU
		{861048D2-BCC2-46A4-8DAC-CD65C21F99DE}.Release|Any CPU.ActiveCfg = Release|Any CPU
		{861048D2-BCC2-46A4-8DAC-CD65C21F99DE}.Release|Any CPU.Build.0 = Release|Any CPU
	EndGlobalSection
EndGlobal
